
Microsoft Visual Studio Solution File, Format Version 12.00
# Visual Studio Version 17
VisualStudioVersion = 17.4.33213.308
MinimumVisualStudioVersion = 10.0.40219.1
Project("{FAE04EC0-301F-11D3-BF4B-00C04F79EFBC}") = "Ducks", "Ducks.csproj", "{45883FC0-AD28-4EE7-A6B7-6EC7B75380AF}"
EndProject
Global
	GlobalSection(SolutionConfigurationPlatforms) = preSolution
		Debug|Any CPU = Debug|Any CPU
		Release|Any CPU = Release|Any CPU
	EndGlobalSection
	GlobalSection(ProjectConfigurationPlatforms) = postSolution
		{45883FC0-AD28-4EE7-A6B7-6EC7B75380AF}.Debug|Any CPU.ActiveCfg = Debug|Any CPU
		{45883FC0-AD28-4EE7-A6B7-6EC7B75380AF}.Debug|Any CPU.Build.0 = Debug|Any CPU
		{45883FC0-AD28-4EE7-A6B7-6EC7B75380AF}.Release|Any CPU.ActiveCfg = Release|Any CPU
		{45883FC0-AD28-4EE7-A6B7-6EC7B75380AF}.Release|Any CPU.Build.0 = Release|Any CPU
	EndGlobalSection
	GlobalSection(SolutionProperties) = preSolution
		HideSolutionNode = FALSE
	EndGlobalSection
	GlobalSection(ExtensibilityGlobals) = postSolution
		SolutionGuid = {2DFEDADF-C319-48CA-AE96-6F3C224807A9}
	EndGlobalSection
EndGlobal
