
Microsoft Visual Studio Solution File, Format Version 12.00
# Visual Studio Version 17
VisualStudioVersion = 17.4.33213.308
MinimumVisualStudioVersion = 10.0.40219.1
Project("{FAE04EC0-301F-11D3-BF4B-00C04F79EFBC}") = "OptionalParameters", "OptionalParameters.csproj", "{B341DB7C-0402-4E48-A6C1-60E63DE72495}"
EndProject
Global
	GlobalSection(SolutionConfigurationPlatforms) = preSolution
		Debug|Any CPU = Debug|Any CPU
		Release|Any CPU = Release|Any CPU
	EndGlobalSection
	GlobalSection(ProjectConfigurationPlatforms) = postSolution
		{B341DB7C-0402-4E48-A6C1-60E63DE72495}.Debug|Any CPU.ActiveCfg = Debug|Any CPU
		{B341DB7C-0402-4E48-A6C1-60E63DE72495}.Debug|Any CPU.Build.0 = Debug|Any CPU
		{B341DB7C-0402-4E48-A6C1-60E63DE72495}.Release|Any CPU.ActiveCfg = Release|Any CPU
		{B341DB7C-0402-4E48-A6C1-60E63DE72495}.Release|Any CPU.Build.0 = Release|Any CPU
	EndGlobalSection
	GlobalSection(SolutionProperties) = preSolution
		HideSolutionNode = FALSE
	EndGlobalSection
	GlobalSection(ExtensibilityGlobals) = postSolution
		SolutionGuid = {0FD2056F-15DD-437E-A07D-9F44ECEA5F45}
	EndGlobalSection
EndGlobal
