
Microsoft Visual Studio Solution File, Format Version 12.00
# Visual Studio Version 17
VisualStudioVersion = 17.4.33213.308
MinimumVisualStudioVersion = 10.0.40219.1
Project("{FAE04EC0-301F-11D3-BF4B-00C04F79EFBC}") = "Encoder", "Encoder.csproj", "{67A49780-0DE7-4C29-900D-2615F04AD1EB}"
EndProject
Global
	GlobalSection(SolutionConfigurationPlatforms) = preSolution
		Debug|Any CPU = Debug|Any CPU
		Release|Any CPU = Release|Any CPU
	EndGlobalSection
	GlobalSection(ProjectConfigurationPlatforms) = postSolution
		{67A49780-0DE7-4C29-900D-2615F04AD1EB}.Debug|Any CPU.ActiveCfg = Debug|Any CPU
		{67A49780-0DE7-4C29-900D-2615F04AD1EB}.Debug|Any CPU.Build.0 = Debug|Any CPU
		{67A49780-0DE7-4C29-900D-2615F04AD1EB}.Release|Any CPU.ActiveCfg = Release|Any CPU
		{67A49780-0DE7-4C29-900D-2615F04AD1EB}.Release|Any CPU.Build.0 = Release|Any CPU
	EndGlobalSection
	GlobalSection(SolutionProperties) = preSolution
		HideSolutionNode = FALSE
	EndGlobalSection
	GlobalSection(ExtensibilityGlobals) = postSolution
		SolutionGuid = {E51F3175-60B1-4D9F-9ED0-C775462B09B7}
	EndGlobalSection
EndGlobal
