
Microsoft Visual Studio Solution File, Format Version 12.00
# Visual Studio Version 17
VisualStudioVersion = 17.4.33213.308
MinimumVisualStudioVersion = 10.0.40219.1
Project("{FAE04EC0-301F-11D3-BF4B-00C04F79EFBC}") = "HandlingExceptions", "HandlingExceptions.csproj", "{A017616D-A6E8-45F2-8787-A3900CC2238D}"
EndProject
Global
	GlobalSection(SolutionConfigurationPlatforms) = preSolution
		Debug|Any CPU = Debug|Any CPU
		Release|Any CPU = Release|Any CPU
	EndGlobalSection
	GlobalSection(ProjectConfigurationPlatforms) = postSolution
		{A017616D-A6E8-45F2-8787-A3900CC2238D}.Debug|Any CPU.ActiveCfg = Debug|Any CPU
		{A017616D-A6E8-45F2-8787-A3900CC2238D}.Debug|Any CPU.Build.0 = Debug|Any CPU
		{A017616D-A6E8-45F2-8787-A3900CC2238D}.Release|Any CPU.ActiveCfg = Release|Any CPU
		{A017616D-A6E8-45F2-8787-A3900CC2238D}.Release|Any CPU.Build.0 = Release|Any CPU
	EndGlobalSection
	GlobalSection(SolutionProperties) = preSolution
		HideSolutionNode = FALSE
	EndGlobalSection
	GlobalSection(ExtensibilityGlobals) = postSolution
		SolutionGuid = {295AA090-7385-46C8-A5A7-ACE0DDCC3D5B}
	EndGlobalSection
EndGlobal
