
Microsoft Visual Studio Solution File, Format Version 12.00
# Visual Studio Version 17
VisualStudioVersion = 17.4.33213.308
MinimumVisualStudioVersion = 10.0.40219.1
Project("{9A19103F-16F7-4668-BE54-9A1E7A4F7556}") = "JimmyLinq", "JimmyLinq.csproj", "{3E952FFD-E808-42C8-BA51-8994784ECC86}"
EndProject
Project("{FAE04EC0-301F-11D3-BF4B-00C04F79EFBC}") = "JimmyLinqUnitTests", "..\..\JimmyLinqUnitTests\JimmyLinqUnitTests\JimmyLinqUnitTests.csproj", "{F7448DB1-09EF-40F5-B98E-7D702A91A029}"
EndProject
Global
	GlobalSection(SolutionConfigurationPlatforms) = preSolution
		Debug|Any CPU = Debug|Any CPU
		Release|Any CPU = Release|Any CPU
	EndGlobalSection
	GlobalSection(ProjectConfigurationPlatforms) = postSolution
		{3E952FFD-E808-42C8-BA51-8994784ECC86}.Debug|Any CPU.ActiveCfg = Debug|Any CPU
		{3E952FFD-E808-42C8-BA51-8994784ECC86}.Debug|Any CPU.Build.0 = Debug|Any CPU
		{3E952FFD-E808-42C8-BA51-8994784ECC86}.Release|Any CPU.ActiveCfg = Release|Any CPU
		{3E952FFD-E808-42C8-BA51-8994784ECC86}.Release|Any CPU.Build.0 = Release|Any CPU
		{F7448DB1-09EF-40F5-B98E-7D702A91A029}.Debug|Any CPU.ActiveCfg = Debug|Any CPU
		{F7448DB1-09EF-40F5-B98E-7D702A91A029}.Debug|Any CPU.Build.0 = Debug|Any CPU
		{F7448DB1-09EF-40F5-B98E-7D702A91A029}.Release|Any CPU.ActiveCfg = Release|Any CPU
		{F7448DB1-09EF-40F5-B98E-7D702A91A029}.Release|Any CPU.Build.0 = Release|Any CPU
	EndGlobalSection
	GlobalSection(SolutionProperties) = preSolution
		HideSolutionNode = FALSE
	EndGlobalSection
	GlobalSection(ExtensibilityGlobals) = postSolution
		SolutionGuid = {38D62CD0-4371-4A5C-B863-765AD43576F3}
	EndGlobalSection
EndGlobal
