
Microsoft Visual Studio Solution File, Format Version 12.00
# Visual Studio Version 17
VisualStudioVersion = 17.4.33213.308
MinimumVisualStudioVersion = 10.0.40219.1
Project("{FAE04EC0-301F-11D3-BF4B-00C04F79EFBC}") = "CorrectDamageCalculator", "CorrectDamageCalculator.csproj", "{4309BD95-73CA-4915-AA09-C658A05A8DA7}"
EndProject
Global
	GlobalSection(SolutionConfigurationPlatforms) = preSolution
		Debug|Any CPU = Debug|Any CPU
		Release|Any CPU = Release|Any CPU
	EndGlobalSection
	GlobalSection(ProjectConfigurationPlatforms) = postSolution
		{4309BD95-73CA-4915-AA09-C658A05A8DA7}.Debug|Any CPU.ActiveCfg = Debug|Any CPU
		{4309BD95-73CA-4915-AA09-C658A05A8DA7}.Debug|Any CPU.Build.0 = Debug|Any CPU
		{4309BD95-73CA-4915-AA09-C658A05A8DA7}.Release|Any CPU.ActiveCfg = Release|Any CPU
		{4309BD95-73CA-4915-AA09-C658A05A8DA7}.Release|Any CPU.Build.0 = Release|Any CPU
	EndGlobalSection
	GlobalSection(SolutionProperties) = preSolution
		HideSolutionNode = FALSE
	EndGlobalSection
	GlobalSection(ExtensibilityGlobals) = postSolution
		SolutionGuid = {E2CB3018-BDEA-44A3-872A-28294D2C911C}
	EndGlobalSection
EndGlobal
