
Microsoft Visual Studio Solution File, Format Version 12.00
# Visual Studio Version 17
VisualStudioVersion = 17.4.33213.308
MinimumVisualStudioVersion = 10.0.40219.1
Project("{FAE04EC0-301F-11D3-BF4B-00C04F79EFBC}") = "ExperimentWithControls", "ExperimentWithControls.csproj", "{9F0AADC0-B4BD-4F70-8E36-84B783864756}"
EndProject
Global
	GlobalSection(SolutionConfigurationPlatforms) = preSolution
		Debug|Any CPU = Debug|Any CPU
		Release|Any CPU = Release|Any CPU
	EndGlobalSection
	GlobalSection(ProjectConfigurationPlatforms) = postSolution
		{9F0AADC0-B4BD-4F70-8E36-84B783864756}.Debug|Any CPU.ActiveCfg = Debug|Any CPU
		{9F0AADC0-B4BD-4F70-8E36-84B783864756}.Debug|Any CPU.Build.0 = Debug|Any CPU
		{9F0AADC0-B4BD-4F70-8E36-84B783864756}.Release|Any CPU.ActiveCfg = Release|Any CPU
		{9F0AADC0-B4BD-4F70-8E36-84B783864756}.Release|Any CPU.Build.0 = Release|Any CPU
	EndGlobalSection
	GlobalSection(SolutionProperties) = preSolution
		HideSolutionNode = FALSE
	EndGlobalSection
	GlobalSection(ExtensibilityGlobals) = postSolution
		SolutionGuid = {44B2C475-6695-4265-B2CE-E3A2F0B21D2E}
	EndGlobalSection
EndGlobal
